
Microsoft Visual Studio Solution File, Format Version 12.00
# Visual Studio 15
VisualStudioVersion = 15.0.28307.421
MinimumVisualStudioVersion = 10.0.40219.1
Project("{9A19103F-16F7-4668-BE54-9A1E7A4F7556}") = "comic_library", "comic_library.csproj", "{F40FA806-6591-4B90-91D1-5984B6D0A25E}"
EndProject
Global
	GlobalSection(SolutionConfigurationPlatforms) = preSolution
		Debug|Any CPU = Debug|Any CPU
		Release|Any CPU = Release|Any CPU
	EndGlobalSection
	GlobalSection(ProjectConfigurationPlatforms) = postSolution
		{F40FA806-6591-4B90-91D1-5984B6D0A25E}.Debug|Any CPU.ActiveCfg = Debug|Any CPU
		{F40FA806-6591-4B90-91D1-5984B6D0A25E}.Debug|Any CPU.Build.0 = Debug|Any CPU
		{F40FA806-6591-4B90-91D1-5984B6D0A25E}.Release|Any CPU.ActiveCfg = Release|Any CPU
		{F40FA806-6591-4B90-91D1-5984B6D0A25E}.Release|Any CPU.Build.0 = Release|Any CPU
	EndGlobalSection
	GlobalSection(SolutionProperties) = preSolution
		HideSolutionNode = FALSE
	EndGlobalSection
	GlobalSection(ExtensibilityGlobals) = postSolution
		SolutionGuid = {907FC1CF-3E15-4FD2-A282-5227C4A86265}
	EndGlobalSection
EndGlobal
